
Microsoft Visual Studio Solution File, Format Version 12.00
# Visual Studio 15
VisualStudioVersion = 15.0.27703.2018
MinimumVisualStudioVersion = 10.0.40219.1
Project("{FAE04EC0-301F-11D3-BF4B-00C04F79EFBC}") = "Exercise-03", "Exercise-03\Exercise-03.csproj", "{4974F78F-D5C2-4305-A80B-D57CB030733B}"
EndProject
Project("{FAE04EC0-301F-11D3-BF4B-00C04F79EFBC}") = "Exercise-02", "Exercise-02\Exercise-02.csproj", "{F43D9631-F901-4CE3-9664-2A6CFAAB625F}"
EndProject
Project("{FAE04EC0-301F-11D3-BF4B-00C04F79EFBC}") = "Exercise-04", "Exercise-04\Exercise-04.csproj", "{AEEB84F1-3FC7-496E-BB06-31D68D2E6AD5}"
EndProject
Project("{FAE04EC0-301F-11D3-BF4B-00C04F79EFBC}") = "Exercise-05", "Exercise-05\Exercise-05.csproj", "{7A9734D0-5D90-4097-963D-2FA3333EBA76}"
EndProject
Project("{FAE04EC0-301F-11D3-BF4B-00C04F79EFBC}") = "Exercise-06", "Exercise-06\Exercise-06.csproj", "{E3D384EE-6725-43F4-8C20-A8CB9D5A364D}"
EndProject
Project("{FAE04EC0-301F-11D3-BF4B-00C04F79EFBC}") = "Exercise-07", "Exercise-07\Exercise-07.csproj", "{D19E0B6A-3ADA-47F9-BB73-AE3A4960C117}"
EndProject
Global
	GlobalSection(SolutionConfigurationPlatforms) = preSolution
		Debug|Any CPU = Debug|Any CPU
		Release|Any CPU = Release|Any CPU
	EndGlobalSection
	GlobalSection(ProjectConfigurationPlatforms) = postSolution
		{4974F78F-D5C2-4305-A80B-D57CB030733B}.Debug|Any CPU.ActiveCfg = Debug|Any CPU
		{4974F78F-D5C2-4305-A80B-D57CB030733B}.Debug|Any CPU.Build.0 = Debug|Any CPU
		{4974F78F-D5C2-4305-A80B-D57CB030733B}.Release|Any CPU.ActiveCfg = Release|Any CPU
		{4974F78F-D5C2-4305-A80B-D57CB030733B}.Release|Any CPU.Build.0 = Release|Any CPU
		{F43D9631-F901-4CE3-9664-2A6CFAAB625F}.Debug|Any CPU.ActiveCfg = Debug|Any CPU
		{F43D9631-F901-4CE3-9664-2A6CFAAB625F}.Debug|Any CPU.Build.0 = Debug|Any CPU
		{F43D9631-F901-4CE3-9664-2A6CFAAB625F}.Release|Any CPU.ActiveCfg = Release|Any CPU
		{F43D9631-F901-4CE3-9664-2A6CFAAB625F}.Release|Any CPU.Build.0 = Release|Any CPU
		{AEEB84F1-3FC7-496E-BB06-31D68D2E6AD5}.Debug|Any CPU.ActiveCfg = Debug|Any CPU
		{AEEB84F1-3FC7-496E-BB06-31D68D2E6AD5}.Debug|Any CPU.Build.0 = Debug|Any CPU
		{AEEB84F1-3FC7-496E-BB06-31D68D2E6AD5}.Release|Any CPU.ActiveCfg = Release|Any CPU
		{AEEB84F1-3FC7-496E-BB06-31D68D2E6AD5}.Release|Any CPU.Build.0 = Release|Any CPU
		{7A9734D0-5D90-4097-963D-2FA3333EBA76}.Debug|Any CPU.ActiveCfg = Debug|Any CPU
		{7A9734D0-5D90-4097-963D-2FA3333EBA76}.Debug|Any CPU.Build.0 = Debug|Any CPU
		{7A9734D0-5D90-4097-963D-2FA3333EBA76}.Release|Any CPU.ActiveCfg = Release|Any CPU
		{7A9734D0-5D90-4097-963D-2FA3333EBA76}.Release|Any CPU.Build.0 = Release|Any CPU
		{E3D384EE-6725-43F4-8C20-A8CB9D5A364D}.Debug|Any CPU.ActiveCfg = Debug|Any CPU
		{E3D384EE-6725-43F4-8C20-A8CB9D5A364D}.Debug|Any CPU.Build.0 = Debug|Any CPU
		{E3D384EE-6725-43F4-8C20-A8CB9D5A364D}.Release|Any CPU.ActiveCfg = Release|Any CPU
		{E3D384EE-6725-43F4-8C20-A8CB9D5A364D}.Release|Any CPU.Build.0 = Release|Any CPU
		{D19E0B6A-3ADA-47F9-BB73-AE3A4960C117}.Debug|Any CPU.ActiveCfg = Debug|Any CPU
		{D19E0B6A-3ADA-47F9-BB73-AE3A4960C117}.Debug|Any CPU.Build.0 = Debug|Any CPU
		{D19E0B6A-3ADA-47F9-BB73-AE3A4960C117}.Release|Any CPU.ActiveCfg = Release|Any CPU
		{D19E0B6A-3ADA-47F9-BB73-AE3A4960C117}.Release|Any CPU.Build.0 = Release|Any CPU
	EndGlobalSection
	GlobalSection(SolutionProperties) = preSolution
		HideSolutionNode = FALSE
	EndGlobalSection
	GlobalSection(ExtensibilityGlobals) = postSolution
		SolutionGuid = {6CC157B2-EC73-436B-BF2D-AADE600C09DB}
	EndGlobalSection
EndGlobal
